
Microsoft Visual Studio Solution File, Format Version 12.00
# Visual Studio Version 17
VisualStudioVersion = 17.3.32929.385
MinimumVisualStudioVersion = 10.0.40219.1
Project("{FAE04EC0-301F-11D3-BF4B-00C04F79EFBC}") = "LogicalProgram", "LogicalProgram\LogicalProgram.csproj", "{689DFED0-BC2D-4458-8772-344AC95052E3}"
EndProject
Global
	GlobalSection(SolutionConfigurationPlatforms) = preSolution
		Debug|Any CPU = Debug|Any CPU
		Release|Any CPU = Release|Any CPU
	EndGlobalSection
	GlobalSection(ProjectConfigurationPlatforms) = postSolution
		{689DFED0-BC2D-4458-8772-344AC95052E3}.Debug|Any CPU.ActiveCfg = Debug|Any CPU
		{689DFED0-BC2D-4458-8772-344AC95052E3}.Debug|Any CPU.Build.0 = Debug|Any CPU
		{689DFED0-BC2D-4458-8772-344AC95052E3}.Release|Any CPU.ActiveCfg = Release|Any CPU
		{689DFED0-BC2D-4458-8772-344AC95052E3}.Release|Any CPU.Build.0 = Release|Any CPU
	EndGlobalSection
	GlobalSection(SolutionProperties) = preSolution
		HideSolutionNode = FALSE
	EndGlobalSection
	GlobalSection(ExtensibilityGlobals) = postSolution
		SolutionGuid = {DB3460EF-70A2-412C-BE39-933BC3E9DF7E}
	EndGlobalSection
EndGlobal
